
Microsoft Visual Studio Solution File, Format Version 12.00
# Visual Studio Version 17
VisualStudioVersion = 17.8.34316.72
MinimumVisualStudioVersion = 10.0.40219.1
Project("{FAE04EC0-301F-11D3-BF4B-00C04F79EFBC}") = "Lab16", "Lab16\Lab16.csproj", "{8EB74EF5-22B0-496A-AF82-5947FEA90E09}"
EndProject
Global
	GlobalSection(SolutionConfigurationPlatforms) = preSolution
		Debug|Any CPU = Debug|Any CPU
		Release|Any CPU = Release|Any CPU
	EndGlobalSection
	GlobalSection(ProjectConfigurationPlatforms) = postSolution
		{8EB74EF5-22B0-496A-AF82-5947FEA90E09}.Debug|Any CPU.ActiveCfg = Debug|Any CPU
		{8EB74EF5-22B0-496A-AF82-5947FEA90E09}.Debug|Any CPU.Build.0 = Debug|Any CPU
		{8EB74EF5-22B0-496A-AF82-5947FEA90E09}.Release|Any CPU.ActiveCfg = Release|Any CPU
		{8EB74EF5-22B0-496A-AF82-5947FEA90E09}.Release|Any CPU.Build.0 = Release|Any CPU
	EndGlobalSection
	GlobalSection(SolutionProperties) = preSolution
		HideSolutionNode = FALSE
	EndGlobalSection
	GlobalSection(ExtensibilityGlobals) = postSolution
		SolutionGuid = {85962DA1-D8ED-4408-8771-6623B5F6413E}
	EndGlobalSection
EndGlobal
