
Microsoft Visual Studio Solution File, Format Version 12.00
# Visual Studio Version 17
VisualStudioVersion = 17.4.33403.182
MinimumVisualStudioVersion = 10.0.40219.1
Project("{FAE04EC0-301F-11D3-BF4B-00C04F79EFBC}") = "Lab 1.3", "Lab 1.3\Lab 1.3.csproj", "{D5AD7992-0776-4C38-8B63-8AD2BA94791D}"
EndProject
Global
	GlobalSection(SolutionConfigurationPlatforms) = preSolution
		Debug|Any CPU = Debug|Any CPU
		Release|Any CPU = Release|Any CPU
	EndGlobalSection
	GlobalSection(ProjectConfigurationPlatforms) = postSolution
		{D5AD7992-0776-4C38-8B63-8AD2BA94791D}.Debug|Any CPU.ActiveCfg = Debug|Any CPU
		{D5AD7992-0776-4C38-8B63-8AD2BA94791D}.Debug|Any CPU.Build.0 = Debug|Any CPU
		{D5AD7992-0776-4C38-8B63-8AD2BA94791D}.Release|Any CPU.ActiveCfg = Release|Any CPU
		{D5AD7992-0776-4C38-8B63-8AD2BA94791D}.Release|Any CPU.Build.0 = Release|Any CPU
	EndGlobalSection
	GlobalSection(SolutionProperties) = preSolution
		HideSolutionNode = FALSE
	EndGlobalSection
	GlobalSection(ExtensibilityGlobals) = postSolution
		SolutionGuid = {F6ED466D-2BF0-457F-BF43-E0C6C30A42E8}
	EndGlobalSection
EndGlobal
