
Microsoft Visual Studio Solution File, Format Version 12.00
# Visual Studio Version 17
VisualStudioVersion = 17.4.33403.182
MinimumVisualStudioVersion = 10.0.40219.1
Project("{FAE04EC0-301F-11D3-BF4B-00C04F79EFBC}") = "Lab3", "Lab3\Lab3.csproj", "{FB172C4D-FC93-484A-A756-2A73753024F9}"
EndProject
Global
	GlobalSection(SolutionConfigurationPlatforms) = preSolution
		Debug|Any CPU = Debug|Any CPU
		Release|Any CPU = Release|Any CPU
	EndGlobalSection
	GlobalSection(ProjectConfigurationPlatforms) = postSolution
		{FB172C4D-FC93-484A-A756-2A73753024F9}.Debug|Any CPU.ActiveCfg = Debug|Any CPU
		{FB172C4D-FC93-484A-A756-2A73753024F9}.Debug|Any CPU.Build.0 = Debug|Any CPU
		{FB172C4D-FC93-484A-A756-2A73753024F9}.Release|Any CPU.ActiveCfg = Release|Any CPU
		{FB172C4D-FC93-484A-A756-2A73753024F9}.Release|Any CPU.Build.0 = Release|Any CPU
	EndGlobalSection
	GlobalSection(SolutionProperties) = preSolution
		HideSolutionNode = FALSE
	EndGlobalSection
	GlobalSection(ExtensibilityGlobals) = postSolution
		SolutionGuid = {C4DC391C-C752-4271-B663-60E9017F764A}
	EndGlobalSection
EndGlobal
